
Microsoft Visual Studio Solution File, Format Version 12.00
# Visual Studio Version 16
VisualStudioVersion = 16.0.30114.105
MinimumVisualStudioVersion = 10.0.40219.1
Project("{2150E333-8FDC-42A3-9474-1A3956D46DE8}") = "src", "src", "{4D52B62A-6D25-4449-93B8-4A5F91A89F87}"
EndProject
Project("{FAE04EC0-301F-11D3-BF4B-00C04F79EFBC}") = "backend.API", "src\backend.API\backend.API.csproj", "{861E433D-8637-4495-9A24-27FB901C42DD}"
EndProject
Project("{FAE04EC0-301F-11D3-BF4B-00C04F79EFBC}") = "backend.Application", "src\backend.Application\backend.Application.csproj", "{E9E0406D-CB4F-492C-B44F-9AC8276385D4}"
EndProject
Project("{FAE04EC0-301F-11D3-BF4B-00C04F79EFBC}") = "backend.DataAccess", "src\backend.DataAccess\backend.DataAccess.csproj", "{9FF10B94-8D5A-4A24-98AB-9B2D0E53B3DE}"
EndProject
Project("{2150E333-8FDC-42A3-9474-1A3956D46DE8}") = "tests", "tests", "{930DEE7E-DF29-481C-8E11-F25356453C86}"
EndProject
Project("{FAE04EC0-301F-11D3-BF4B-00C04F79EFBC}") = "backend.IntegrationTests", "tests\backend.IntegrationTests\backend.IntegrationTests.csproj", "{4FF1EC8B-6400-4543-BC93-A20969D53F01}"
EndProject
Project("{FAE04EC0-301F-11D3-BF4B-00C04F79EFBC}") = "backend.UnitTests", "tests\backend.UnitTests\backend.UnitTests.csproj", "{8C5E1849-E355-42BD-980B-25A00EA9B499}"
EndProject
Project("{2150E333-8FDC-42A3-9474-1A3956D46DE8}") = "benchmarks", "benchmarks", "{2102C18E-FC9F-4606-BD5D-BAC97E6226D1}"
EndProject
Project("{FAE04EC0-301F-11D3-BF4B-00C04F79EFBC}") = "backend.BenchMarks", "benchmarks\backend.BenchMarks\backend.BenchMarks.csproj", "{07864BFB-F4EE-43E4-836D-944BDCAFBB8F}"
EndProject
Global
	GlobalSection(SolutionConfigurationPlatforms) = preSolution
		Debug|Any CPU = Debug|Any CPU
		Release|Any CPU = Release|Any CPU
	EndGlobalSection
	GlobalSection(SolutionProperties) = preSolution
		HideSolutionNode = FALSE
	EndGlobalSection
	GlobalSection(ProjectConfigurationPlatforms) = postSolution
		{861E433D-8637-4495-9A24-27FB901C42DD}.Debug|Any CPU.ActiveCfg = Debug|Any CPU
		{861E433D-8637-4495-9A24-27FB901C42DD}.Debug|Any CPU.Build.0 = Debug|Any CPU
		{861E433D-8637-4495-9A24-27FB901C42DD}.Release|Any CPU.ActiveCfg = Release|Any CPU
		{861E433D-8637-4495-9A24-27FB901C42DD}.Release|Any CPU.Build.0 = Release|Any CPU
		{E9E0406D-CB4F-492C-B44F-9AC8276385D4}.Debug|Any CPU.ActiveCfg = Debug|Any CPU
		{E9E0406D-CB4F-492C-B44F-9AC8276385D4}.Debug|Any CPU.Build.0 = Debug|Any CPU
		{E9E0406D-CB4F-492C-B44F-9AC8276385D4}.Release|Any CPU.ActiveCfg = Release|Any CPU
		{E9E0406D-CB4F-492C-B44F-9AC8276385D4}.Release|Any CPU.Build.0 = Release|Any CPU
		{9FF10B94-8D5A-4A24-98AB-9B2D0E53B3DE}.Debug|Any CPU.ActiveCfg = Debug|Any CPU
		{9FF10B94-8D5A-4A24-98AB-9B2D0E53B3DE}.Debug|Any CPU.Build.0 = Debug|Any CPU
		{9FF10B94-8D5A-4A24-98AB-9B2D0E53B3DE}.Release|Any CPU.ActiveCfg = Release|Any CPU
		{9FF10B94-8D5A-4A24-98AB-9B2D0E53B3DE}.Release|Any CPU.Build.0 = Release|Any CPU
		{4FF1EC8B-6400-4543-BC93-A20969D53F01}.Debug|Any CPU.ActiveCfg = Debug|Any CPU
		{4FF1EC8B-6400-4543-BC93-A20969D53F01}.Debug|Any CPU.Build.0 = Debug|Any CPU
		{4FF1EC8B-6400-4543-BC93-A20969D53F01}.Release|Any CPU.ActiveCfg = Release|Any CPU
		{4FF1EC8B-6400-4543-BC93-A20969D53F01}.Release|Any CPU.Build.0 = Release|Any CPU
		{8C5E1849-E355-42BD-980B-25A00EA9B499}.Debug|Any CPU.ActiveCfg = Debug|Any CPU
		{8C5E1849-E355-42BD-980B-25A00EA9B499}.Debug|Any CPU.Build.0 = Debug|Any CPU
		{8C5E1849-E355-42BD-980B-25A00EA9B499}.Release|Any CPU.ActiveCfg = Release|Any CPU
		{8C5E1849-E355-42BD-980B-25A00EA9B499}.Release|Any CPU.Build.0 = Release|Any CPU
		{07864BFB-F4EE-43E4-836D-944BDCAFBB8F}.Debug|Any CPU.ActiveCfg = Debug|Any CPU
		{07864BFB-F4EE-43E4-836D-944BDCAFBB8F}.Debug|Any CPU.Build.0 = Debug|Any CPU
		{07864BFB-F4EE-43E4-836D-944BDCAFBB8F}.Release|Any CPU.ActiveCfg = Release|Any CPU
		{07864BFB-F4EE-43E4-836D-944BDCAFBB8F}.Release|Any CPU.Build.0 = Release|Any CPU
	EndGlobalSection
	GlobalSection(NestedProjects) = preSolution
		{861E433D-8637-4495-9A24-27FB901C42DD} = {4D52B62A-6D25-4449-93B8-4A5F91A89F87}
		{E9E0406D-CB4F-492C-B44F-9AC8276385D4} = {4D52B62A-6D25-4449-93B8-4A5F91A89F87}
		{9FF10B94-8D5A-4A24-98AB-9B2D0E53B3DE} = {4D52B62A-6D25-4449-93B8-4A5F91A89F87}
		{4FF1EC8B-6400-4543-BC93-A20969D53F01} = {930DEE7E-DF29-481C-8E11-F25356453C86}
		{8C5E1849-E355-42BD-980B-25A00EA9B499} = {930DEE7E-DF29-481C-8E11-F25356453C86}
		{07864BFB-F4EE-43E4-836D-944BDCAFBB8F} = {2102C18E-FC9F-4606-BD5D-BAC97E6226D1}
	EndGlobalSection
EndGlobal
